
Microsoft Visual Studio Solution File, Format Version 12.00
# Visual Studio Version 17
VisualStudioVersion = 17.8.34511.84
MinimumVisualStudioVersion = 10.0.40219.1
Project("{FAE04EC0-301F-11D3-BF4B-00C04F79EFBC}") = "Kalendarzyk", "Kalendarzyk\Kalendarzyk.csproj", "{AC93C597-F734-4877-9FFE-49171598F3C7}"
EndProject
Global
	GlobalSection(SolutionConfigurationPlatforms) = preSolution
		Debug|Any CPU = Debug|Any CPU
		Release|Any CPU = Release|Any CPU
	EndGlobalSection
	GlobalSection(ProjectConfigurationPlatforms) = postSolution
		{AC93C597-F734-4877-9FFE-49171598F3C7}.Debug|Any CPU.ActiveCfg = Debug|Any CPU
		{AC93C597-F734-4877-9FFE-49171598F3C7}.Debug|Any CPU.Build.0 = Debug|Any CPU
		{AC93C597-F734-4877-9FFE-49171598F3C7}.Release|Any CPU.ActiveCfg = Release|Any CPU
		{AC93C597-F734-4877-9FFE-49171598F3C7}.Release|Any CPU.Build.0 = Release|Any CPU
	EndGlobalSection
	GlobalSection(SolutionProperties) = preSolution
		HideSolutionNode = FALSE
	EndGlobalSection
	GlobalSection(ExtensibilityGlobals) = postSolution
		SolutionGuid = {A39AC51B-09D8-4B7F-8074-9681243BAE72}
	EndGlobalSection
EndGlobal
